
Microsoft Visual Studio Solution File, Format Version 12.00
# Visual Studio Version 17
VisualStudioVersion = 17.13.35825.156
MinimumVisualStudioVersion = 10.0.40219.1
Project("{FAE04EC0-301F-11D3-BF4B-00C04F79EFBC}") = "MZBaseSample.Console", "MZBaseSample.Console\MZBaseSample.Console.csproj", "{AFA6FA73-D3F5-4F0F-8A0F-25F74A3C3EE9}"
EndProject
Project("{FAE04EC0-301F-11D3-BF4B-00C04F79EFBC}") = "MZBaseSample.Domain", "MZBaseSample.Domain\MZBaseSample.Domain.csproj", "{158DDFEA-FC5A-4771-BFFB-2126002A88E6}"
EndProject
Project("{FAE04EC0-301F-11D3-BF4B-00C04F79EFBC}") = "MZBaseSample.Data", "MZBaseSample.Data\MZBaseSample.Data.csproj", "{6D3B93BD-C7F3-4630-93EB-69879EE1C249}"
EndProject
Project("{FAE04EC0-301F-11D3-BF4B-00C04F79EFBC}") = "MZBaseSample.Infrastructure", "MZBaseSample.Infructructure\MZBaseSample.Infrastructure.csproj", "{0FC97187-6D0F-40EB-9E72-C35385BC1528}"
EndProject
Project("{FAE04EC0-301F-11D3-BF4B-00C04F79EFBC}") = "MZBaseSample.Services", "MZBaseSample.Services\MZBaseSample.Services.csproj", "{55DCC559-C8BD-4501-B89C-1296DAC5AFDF}"
EndProject
Project("{FAE04EC0-301F-11D3-BF4B-00C04F79EFBC}") = "MZBaseSample.Api", "MZBaseSample.Api\MZBaseSample.Api.csproj", "{34F15ACC-49A6-4009-B335-4D80D46CCCC2}"
EndProject
Global
	GlobalSection(SolutionConfigurationPlatforms) = preSolution
		Debug|Any CPU = Debug|Any CPU
		Release|Any CPU = Release|Any CPU
	EndGlobalSection
	GlobalSection(ProjectConfigurationPlatforms) = postSolution
		{AFA6FA73-D3F5-4F0F-8A0F-25F74A3C3EE9}.Debug|Any CPU.ActiveCfg = Debug|Any CPU
		{AFA6FA73-D3F5-4F0F-8A0F-25F74A3C3EE9}.Debug|Any CPU.Build.0 = Debug|Any CPU
		{AFA6FA73-D3F5-4F0F-8A0F-25F74A3C3EE9}.Release|Any CPU.ActiveCfg = Release|Any CPU
		{AFA6FA73-D3F5-4F0F-8A0F-25F74A3C3EE9}.Release|Any CPU.Build.0 = Release|Any CPU
		{158DDFEA-FC5A-4771-BFFB-2126002A88E6}.Debug|Any CPU.ActiveCfg = Debug|Any CPU
		{158DDFEA-FC5A-4771-BFFB-2126002A88E6}.Debug|Any CPU.Build.0 = Debug|Any CPU
		{158DDFEA-FC5A-4771-BFFB-2126002A88E6}.Release|Any CPU.ActiveCfg = Release|Any CPU
		{158DDFEA-FC5A-4771-BFFB-2126002A88E6}.Release|Any CPU.Build.0 = Release|Any CPU
		{6D3B93BD-C7F3-4630-93EB-69879EE1C249}.Debug|Any CPU.ActiveCfg = Debug|Any CPU
		{6D3B93BD-C7F3-4630-93EB-69879EE1C249}.Debug|Any CPU.Build.0 = Debug|Any CPU
		{6D3B93BD-C7F3-4630-93EB-69879EE1C249}.Release|Any CPU.ActiveCfg = Release|Any CPU
		{6D3B93BD-C7F3-4630-93EB-69879EE1C249}.Release|Any CPU.Build.0 = Release|Any CPU
		{0FC97187-6D0F-40EB-9E72-C35385BC1528}.Debug|Any CPU.ActiveCfg = Debug|Any CPU
		{0FC97187-6D0F-40EB-9E72-C35385BC1528}.Debug|Any CPU.Build.0 = Debug|Any CPU
		{0FC97187-6D0F-40EB-9E72-C35385BC1528}.Release|Any CPU.ActiveCfg = Release|Any CPU
		{0FC97187-6D0F-40EB-9E72-C35385BC1528}.Release|Any CPU.Build.0 = Release|Any CPU
		{55DCC559-C8BD-4501-B89C-1296DAC5AFDF}.Debug|Any CPU.ActiveCfg = Debug|Any CPU
		{55DCC559-C8BD-4501-B89C-1296DAC5AFDF}.Debug|Any CPU.Build.0 = Debug|Any CPU
		{55DCC559-C8BD-4501-B89C-1296DAC5AFDF}.Release|Any CPU.ActiveCfg = Release|Any CPU
		{55DCC559-C8BD-4501-B89C-1296DAC5AFDF}.Release|Any CPU.Build.0 = Release|Any CPU
		{34F15ACC-49A6-4009-B335-4D80D46CCCC2}.Debug|Any CPU.ActiveCfg = Debug|Any CPU
		{34F15ACC-49A6-4009-B335-4D80D46CCCC2}.Debug|Any CPU.Build.0 = Debug|Any CPU
		{34F15ACC-49A6-4009-B335-4D80D46CCCC2}.Release|Any CPU.ActiveCfg = Release|Any CPU
		{34F15ACC-49A6-4009-B335-4D80D46CCCC2}.Release|Any CPU.Build.0 = Release|Any CPU
	EndGlobalSection
	GlobalSection(SolutionProperties) = preSolution
		HideSolutionNode = FALSE
	EndGlobalSection
	GlobalSection(ExtensibilityGlobals) = postSolution
		SolutionGuid = {FCC8C1E8-952F-41E6-93B6-E93E8B8440E5}
	EndGlobalSection
EndGlobal
